
Microsoft Visual Studio Solution File, Format Version 12.00
# Visual Studio 15
VisualStudioVersion = 15.0.27004.2010
MinimumVisualStudioVersion = 10.0.40219.1
Project("{FAE04EC0-301F-11D3-BF4B-00C04F79EFBC}") = "BuildHouse", "BuildHouse\BuildHouse.csproj", "{B2BEDF3E-50E1-4880-94B4-919222321BBB}"
EndProject
Project("{FAE04EC0-301F-11D3-BF4B-00C04F79EFBC}") = "Classes", "Classes\Classes.csproj", "{2E211B70-B78B-465E-9469-FC616CE020EB}"
EndProject
Project("{FAE04EC0-301F-11D3-BF4B-00C04F79EFBC}") = "Interfaces", "Interfaces\Interfaces.csproj", "{12BC9136-1EB4-43FC-A5B1-AB6B3D1E8752}"
EndProject
Global
	GlobalSection(SolutionConfigurationPlatforms) = preSolution
		Debug|Any CPU = Debug|Any CPU
		Release|Any CPU = Release|Any CPU
	EndGlobalSection
	GlobalSection(ProjectConfigurationPlatforms) = postSolution
		{B2BEDF3E-50E1-4880-94B4-919222321BBB}.Debug|Any CPU.ActiveCfg = Debug|Any CPU
		{B2BEDF3E-50E1-4880-94B4-919222321BBB}.Debug|Any CPU.Build.0 = Debug|Any CPU
		{B2BEDF3E-50E1-4880-94B4-919222321BBB}.Release|Any CPU.ActiveCfg = Release|Any CPU
		{B2BEDF3E-50E1-4880-94B4-919222321BBB}.Release|Any CPU.Build.0 = Release|Any CPU
		{2E211B70-B78B-465E-9469-FC616CE020EB}.Debug|Any CPU.ActiveCfg = Debug|Any CPU
		{2E211B70-B78B-465E-9469-FC616CE020EB}.Debug|Any CPU.Build.0 = Debug|Any CPU
		{2E211B70-B78B-465E-9469-FC616CE020EB}.Release|Any CPU.ActiveCfg = Release|Any CPU
		{2E211B70-B78B-465E-9469-FC616CE020EB}.Release|Any CPU.Build.0 = Release|Any CPU
		{12BC9136-1EB4-43FC-A5B1-AB6B3D1E8752}.Debug|Any CPU.ActiveCfg = Debug|Any CPU
		{12BC9136-1EB4-43FC-A5B1-AB6B3D1E8752}.Debug|Any CPU.Build.0 = Debug|Any CPU
		{12BC9136-1EB4-43FC-A5B1-AB6B3D1E8752}.Release|Any CPU.ActiveCfg = Release|Any CPU
		{12BC9136-1EB4-43FC-A5B1-AB6B3D1E8752}.Release|Any CPU.Build.0 = Release|Any CPU
	EndGlobalSection
	GlobalSection(SolutionProperties) = preSolution
		HideSolutionNode = FALSE
	EndGlobalSection
	GlobalSection(ExtensibilityGlobals) = postSolution
		SolutionGuid = {8C3DD392-D5FC-460A-BB1F-CF61F684B440}
	EndGlobalSection
EndGlobal
